Microsoft Visual Studio Solution File, Format Version 10.00
# Visual Studio 2008
Project("{8BC9CEB8-8B4A-11D0-8D11-00A0C91BC942}") = "FarmMonitor", "FarmMonitor.vcproj", "{6609D72E-4FDE-403D-A286-004013C03E67}"
EndProject
Project("{8BC9CEB8-8B4A-11D0-8D11-00A0C91BC942}") = "Core", "..\Lib\Core\Core.vcproj", "{790BC113-52FB-4565-8968-79B8B011C520}"
EndProject
Project("{8BC9CEB8-8B4A-11D0-8D11-00A0C91BC942}") = "Wcl", "..\Lib\WCL\Wcl.vcproj", "{9B0335B6-93BE-4604-8497-27431874D758}"
EndProject
Project("{8BC9CEB8-8B4A-11D0-8D11-00A0C91BC942}") = "WMI", "..\Lib\WMI\WMI.vcproj", "{6497EA41-2782-4A79-8840-6854E22EC4F4}"
EndProject
Project("{8BC9CEB8-8B4A-11D0-8D11-00A0C91BC942}") = "Test", "Test\Test.vcproj", "{91FBBA3F-1046-4A65-B619-94F6D7964B05}"
EndProject
Project("{8BC9CEB8-8B4A-11D0-8D11-00A0C91BC942}") = "XML", "..\Lib\XML\XML.vcproj", "{2BF56C15-FDAD-480B-9C25-951E43773ED6}"
EndProject
Project("{8BC9CEB8-8B4A-11D0-8D11-00A0C91BC942}") = "NCL", "..\Lib\NCL\NCL.vcproj", "{FAB8D717-85EC-4896-B5DC-FDF0A0B67C92}"
EndProject
Global
	GlobalSection(SolutionConfigurationPlatforms) = preSolution
		Debug|Win32 = Debug|Win32
		Release|Win32 = Release|Win32
	EndGlobalSection
	GlobalSection(ProjectConfigurationPlatforms) = postSolution
		{6609D72E-4FDE-403D-A286-004013C03E67}.Debug|Win32.ActiveCfg = Debug|Win32
		{6609D72E-4FDE-403D-A286-004013C03E67}.Debug|Win32.Build.0 = Debug|Win32
		{6609D72E-4FDE-403D-A286-004013C03E67}.Release|Win32.ActiveCfg = Release|Win32
		{6609D72E-4FDE-403D-A286-004013C03E67}.Release|Win32.Build.0 = Release|Win32
		{790BC113-52FB-4565-8968-79B8B011C520}.Debug|Win32.ActiveCfg = Debug|Win32
		{790BC113-52FB-4565-8968-79B8B011C520}.Debug|Win32.Build.0 = Debug|Win32
		{790BC113-52FB-4565-8968-79B8B011C520}.Release|Win32.ActiveCfg = Release|Win32
		{790BC113-52FB-4565-8968-79B8B011C520}.Release|Win32.Build.0 = Release|Win32
		{9B0335B6-93BE-4604-8497-27431874D758}.Debug|Win32.ActiveCfg = Debug|Win32
		{9B0335B6-93BE-4604-8497-27431874D758}.Debug|Win32.Build.0 = Debug|Win32
		{9B0335B6-93BE-4604-8497-27431874D758}.Release|Win32.ActiveCfg = Release|Win32
		{9B0335B6-93BE-4604-8497-27431874D758}.Release|Win32.Build.0 = Release|Win32
		{6497EA41-2782-4A79-8840-6854E22EC4F4}.Debug|Win32.ActiveCfg = Debug|Win32
		{6497EA41-2782-4A79-8840-6854E22EC4F4}.Debug|Win32.Build.0 = Debug|Win32
		{6497EA41-2782-4A79-8840-6854E22EC4F4}.Release|Win32.ActiveCfg = Release|Win32
		{6497EA41-2782-4A79-8840-6854E22EC4F4}.Release|Win32.Build.0 = Release|Win32
		{91FBBA3F-1046-4A65-B619-94F6D7964B05}.Debug|Win32.ActiveCfg = Debug|Win32
		{91FBBA3F-1046-4A65-B619-94F6D7964B05}.Debug|Win32.Build.0 = Debug|Win32
		{91FBBA3F-1046-4A65-B619-94F6D7964B05}.Release|Win32.ActiveCfg = Release|Win32
		{91FBBA3F-1046-4A65-B619-94F6D7964B05}.Release|Win32.Build.0 = Release|Win32
		{2BF56C15-FDAD-480B-9C25-951E43773ED6}.Debug|Win32.ActiveCfg = Debug|Win32
		{2BF56C15-FDAD-480B-9C25-951E43773ED6}.Debug|Win32.Build.0 = Debug|Win32
		{2BF56C15-FDAD-480B-9C25-951E43773ED6}.Release|Win32.ActiveCfg = Release|Win32
		{2BF56C15-FDAD-480B-9C25-951E43773ED6}.Release|Win32.Build.0 = Release|Win32
		{FAB8D717-85EC-4896-B5DC-FDF0A0B67C92}.Debug|Win32.ActiveCfg = Debug|Win32
		{FAB8D717-85EC-4896-B5DC-FDF0A0B67C92}.Debug|Win32.Build.0 = Debug|Win32
		{FAB8D717-85EC-4896-B5DC-FDF0A0B67C92}.Release|Win32.ActiveCfg = Release|Win32
		{FAB8D717-85EC-4896-B5DC-FDF0A0B67C92}.Release|Win32.Build.0 = Release|Win32
	EndGlobalSection
	GlobalSection(SolutionProperties) = preSolution
		HideSolutionNode = FALSE
	EndGlobalSection
EndGlobal
